
Microsoft Visual Studio Solution File, Format Version 12.00
Project("{FAE04EC0-301F-11D3-BF4B-00C04F79EFBC}") = "ReenbitTestTask", "ReenbitTestTask\ReenbitTestTask.csproj", "{88E32C62-95B9-4DF7-8B2E-AE8B63FB895D}"
EndProject
Project("{FAE04EC0-301F-11D3-BF4B-00C04F79EFBC}") = "ReenbitTestTaskAzureFunction", "ReenbitTestTaskAzureFunction\ReenbitTestTaskAzureFunction.csproj", "{86F1235A-BDFF-49F5-A10F-7E9C93966C7C}"
EndProject
Project("{FAE04EC0-301F-11D3-BF4B-00C04F79EFBC}") = "ReenbitTestTaskTests", "ReenbitTestTaskTests\ReenbitTestTaskTests.csproj", "{B476DCE1-F82E-4E03-8059-FF6A16A48ACA}"
EndProject
Global
	GlobalSection(SolutionConfigurationPlatforms) = preSolution
		Debug|Any CPU = Debug|Any CPU
		Release|Any CPU = Release|Any CPU
	EndGlobalSection
	GlobalSection(ProjectConfigurationPlatforms) = postSolution
		{88E32C62-95B9-4DF7-8B2E-AE8B63FB895D}.Debug|Any CPU.ActiveCfg = Debug|Any CPU
		{88E32C62-95B9-4DF7-8B2E-AE8B63FB895D}.Debug|Any CPU.Build.0 = Debug|Any CPU
		{88E32C62-95B9-4DF7-8B2E-AE8B63FB895D}.Release|Any CPU.ActiveCfg = Release|Any CPU
		{88E32C62-95B9-4DF7-8B2E-AE8B63FB895D}.Release|Any CPU.Build.0 = Release|Any CPU
		{86F1235A-BDFF-49F5-A10F-7E9C93966C7C}.Debug|Any CPU.ActiveCfg = Debug|Any CPU
		{86F1235A-BDFF-49F5-A10F-7E9C93966C7C}.Debug|Any CPU.Build.0 = Debug|Any CPU
		{86F1235A-BDFF-49F5-A10F-7E9C93966C7C}.Release|Any CPU.ActiveCfg = Release|Any CPU
		{86F1235A-BDFF-49F5-A10F-7E9C93966C7C}.Release|Any CPU.Build.0 = Release|Any CPU
		{B476DCE1-F82E-4E03-8059-FF6A16A48ACA}.Debug|Any CPU.ActiveCfg = Debug|Any CPU
		{B476DCE1-F82E-4E03-8059-FF6A16A48ACA}.Debug|Any CPU.Build.0 = Debug|Any CPU
		{B476DCE1-F82E-4E03-8059-FF6A16A48ACA}.Release|Any CPU.ActiveCfg = Release|Any CPU
		{B476DCE1-F82E-4E03-8059-FF6A16A48ACA}.Release|Any CPU.Build.0 = Release|Any CPU
	EndGlobalSection
EndGlobal
