
Microsoft Visual Studio Solution File, Format Version 12.00
Project("{FAE04EC0-301F-11D3-BF4B-00C04F79EFBC}") = "ReenbitTestTask", "ReenbitTestTask\ReenbitTestTask.csproj", "{88E32C62-95B9-4DF7-8B2E-AE8B63FB895D}"
EndProject
Global
	GlobalSection(SolutionConfigurationPlatforms) = preSolution
		Debug|Any CPU = Debug|Any CPU
		Release|Any CPU = Release|Any CPU
	EndGlobalSection
	GlobalSection(ProjectConfigurationPlatforms) = postSolution
		{88E32C62-95B9-4DF7-8B2E-AE8B63FB895D}.Debug|Any CPU.ActiveCfg = Debug|Any CPU
		{88E32C62-95B9-4DF7-8B2E-AE8B63FB895D}.Debug|Any CPU.Build.0 = Debug|Any CPU
		{88E32C62-95B9-4DF7-8B2E-AE8B63FB895D}.Release|Any CPU.ActiveCfg = Release|Any CPU
		{88E32C62-95B9-4DF7-8B2E-AE8B63FB895D}.Release|Any CPU.Build.0 = Release|Any CPU
	EndGlobalSection
EndGlobal
